// !$*UTF8*$!
{
	archiveVersion = 1;
	classes = {
	};
	objectVersion = 46;
	objects = {

/* Begin PBXBuildFile section */
		60733C581EFCFFA200CF14C3 /* main.m in Sources */ = {isa = PBXBuildFile; fileRef = 60733C571EFCFFA200CF14C3 /* main.m */; };
		60733C5B1EFCFFA200CF14C3 /* AppDelegate.m in Sources */ = {isa = PBXBuildFile; fileRef = 60733C5A1EFCFFA200CF14C3 /* AppDelegate.m */; };
		60733C5E1EFCFFA200CF14C3 /* ViewController.m in Sources */ = {isa = PBXBuildFile; fileRef = 60733C5D1EFCFFA200CF14C3 /* ViewController.m */; };
		60733C611EFCFFA200CF14C3 /* Main.storyboard in Resources */ = {isa = PBXBuildFile; fileRef = 60733C5F1EFCFFA200CF14C3 /* Main.storyboard */; };
		60733C631EFCFFA200CF14C3 /* Assets.xcassets in Resources */ = {isa = PBXBuildFile; fileRef = 60733C621EFCFFA200CF14C3 /* Assets.xcassets */; };
		60733C661EFCFFA200CF14C3 /* LaunchScreen.storyboard in Resources */ = {isa = PBXBuildFile; fileRef = 60733C641EFCFFA200CF14C3 /* LaunchScreen.storyboard */; };
/* End PBXBuildFile section */

/* Begin PBXFileReference section */
		60733C531EFCFFA200CF14C3 /* kuangjia.app */ = {isa = PBXFileReference; explicitFileType = wrapper.application; includeInIndex = 0; path = kuangjia.app; sourceTree = BUILT_PRODUCTS_DIR; };
		60733C571EFCFFA200CF14C3 /* main.m */ = {isa = PBXFileReference; lastKnownFileType = sourcecode.c.objc; path = main.m; sourceTree = "<group>"; };
		60733C591EFCFFA200CF14C3 /* AppDelegate.h */ = {isa = PBXFileReference; lastKnownFileType = sourcecode.c.h; path = AppDelegate.h; sourceTree = "<group>"; };
		60733C5A1EFCFFA200CF14C3 /* AppDelegate.m */ = {isa = PBXFileReference; lastKnownFileType = sourcecode.c.objc; path = AppDelegate.m; sourceTree = "<group>"; };
		60733C5C1EFCFFA200CF14C3 /* ViewController.h */ = {isa = PBXFileReference; lastKnownFileType = sourcecode.c.h; path = ViewController.h; sourceTree = "<group>"; };
		60733C5D1EFCFFA200CF14C3 /* ViewController.m */ = {isa = PBXFileReference; lastKnownFileType = sourcecode.c.objc; path = ViewController.m; sourceTree = "<group>"; };
		60733C601EFCFFA200CF14C3 /* Base */ = {isa = PBXFileReference; lastKnownFileType = file.storyboard; name = Base; path = Base.lproj/Main.storyboard; sourceTree = "<group>"; };
		60733C621EFCFFA200CF14C3 /* Assets.xcassets */ = {isa = PBXFileReference; lastKnownFileType = folder.assetcatalog; path = Assets.xcassets; sourceTree = "<group>"; };
		60733C651EFCFFA200CF14C3 /* Base */ = {isa = PBXFileReference; lastKnownFileType = file.storyboard; name = Base; path = Base.lproj/LaunchScreen.storyboard; sourceTree = "<group>"; };
		60733C671EFCFFA200CF14C3 /* Info.plist */ = {isa = PBXFileReference; lastKnownFileType = text.plist.xml; path = Info.plist; sourceTree = "<group>"; };
/* End PBXFileReference section */

/* Begin PBXFrameworksBuildPhase section */
		60733C501EFCFFA200CF14C3 /* Frameworks */ = {
			isa = PBXFrameworksBuildPhase;
			buildActionMask = 2147483647;
			files = (
			);
			runOnlyForDeploymentPostprocessing = 0;
		};
/* End PBXFrameworksBuildPhase section */

/* Begin PBXGroup section */
		60733C4A1EFCFFA200CF14C3 = {
			isa = PBXGroup;
			children = (
				60733C551EFCFFA200CF14C3 /* kuangjia */,
				60733C541EFCFFA200CF14C3 /* Products */,
			);
			sourceTree = "<group>";
		};
		60733C541EFCFFA200CF14C3 /* Products */ = {
			isa = PBXGroup;
			children = (
				60733C531EFCFFA200CF14C3 /* kuangjia.app */,
			);
			name = Products;
			sourceTree = "<group>";
		};
		60733C551EFCFFA200CF14C3 /* kuangjia */ = {
			isa = PBXGroup;
			children = (
				60733C591EFCFFA200CF14C3 /* AppDelegate.h */,
				60733C5A1EFCFFA200CF14C3 /* AppDelegate.m */,
				60733C5C1EFCFFA200CF14C3 /* ViewController.h */,
				60733C5D1EFCFFA200CF14C3 /* ViewController.m */,
				60733C5F1EFCFFA200CF14C3 /* Main.storyboard */,
				60733C621EFCFFA200CF14C3 /* Assets.xcassets */,
				60733C641EFCFFA200CF14C3 /* LaunchScreen.storyboard */,
				60733C671EFCFFA200CF14C3 /* Info.plist */,
				60733C561EFCFFA200CF14C3 /* Supporting Files */,
			);
			path = kuangjia;
			sourceTree = "<group>";
		};
		60733C561EFCFFA200CF14C3 /* Supporting Files */ = {
			isa = PBXGroup;
			children = (
				60733C571EFCFFA200CF14C3 /* main.m */,
			);
			name = "Supporting Files";
			sourceTree = "<group>";
		};
/* End PBXGroup section */

/* Begin PBXNativeTarget section */
		60733C521EFCFFA200CF14C3 /* kuangjia */ = {
			isa = PBXNativeTarget;
			buildConfigurationList = 60733C6A1EFCFFA200CF14C3 /* Build configuration list for PBXNativeTarget "kuangjia" */;
			buildPhases = (
				60733C4F1EFCFFA200CF14C3 /* Sources */,
				60733C501EFCFFA200CF14C3 /* Frameworks */,
				60733C511EFCFFA200CF14C3 /* Resources */,
			);
			buildRules = (
			);
			dependencies = (
			);
			name = kuangjia;
			productName = kuangjia;
			productReference = 60733C531EFCFFA200CF14C3 /* kuangjia.app */;
			productType = "com.apple.product-type.application";
		};
/* End PBXNativeTarget section */

/* Begin PBXProject section */
		60733C4B1EFCFFA200CF14C3 /* Project object */ = {
			isa = PBXProject;
			attributes = {
				LastUpgradeCheck = 0830;
				ORGANIZATIONNAME = abc;
				TargetAttributes = {
					60733C521EFCFFA200CF14C3 = {
						CreatedOnToolsVersion = 8.3.3;
						ProvisioningStyle = Automatic;
					};
				};
			};
			buildConfigurationList = 60733C4E1EFCFFA200CF14C3 /* Build configuration list for PBXProject "kuangjia" */;
			compatibilityVersion = "Xcode 3.2";
			developmentRegion = English;
			hasScannedForEncodings = 0;
			knownRegions = (
				en,
				Base,
			);
			mainGroup = 60733C4A1EFCFFA200CF14C3;
			productRefGroup = 60733C541EFCFFA200CF14C3 /* Products */;
			projectDirPath = "";
			projectRoot = "";
			targets = (
				60733C521EFCFFA200CF14C3 /* kuangjia */,
			);
		};
/* End PBXProject section */

/* Begin PBXResourcesBuildPhase section */
		60733C511EFCFFA200CF14C3 /* Resources */ = {
			isa = PBXResourcesBuildPhase;
			buildActionMask = 2147483647;
			files = (
				60733C661EFCFFA200CF14C3 /* LaunchScreen.storyboard in Resources */,
				60733C631EFCFFA200CF14C3 /* Assets.xcassets in Resources */,
				60733C611EFCFFA200CF14C3 /* Main.storyboard in Resources */,
			);
			runOnlyForDeploymentPostprocessing = 0;
		};
/* End PBXResourcesBuildPhase section */

/* Begin PBXSourcesBuildPhase section */
		60733C4F1EFCFFA200CF14C3 /* Sources */ = {
			isa = PBXSourcesBuildPhase;
			buildActionMask = 2147483647;
			files = (
				60733C5E1EFCFFA200CF14C3 /* ViewController.m in Sources */,
				60733C5B1EFCFFA200CF14C3 /* AppDelegate.m in Sources */,
				60733C581EFCFFA200CF14C3 /* main.m in Sources */,
			);
			runOnlyForDeploymentPostprocessing = 0;
		};
/* End PBXSourcesBuildPhase section */

/* Begin PBXVariantGroup section */
		60733C5F1EFCFFA200CF14C3 /* Main.storyboard */ = {
			isa = PBXVariantGroup;
			children = (
				60733C601EFCFFA200CF14C3 /* Base */,
			);
			name = Main.storyboard;
			sourceTree = "<group>";
		};
		60733C641EFCFFA200CF14C3 /* LaunchScreen.storyboard */ = {
			isa = PBXVariantGroup;
			children = (
				60733C651EFCFFA200CF14C3 /* Base */,
			);
			name = LaunchScreen.storyboard;
			sourceTree = "<group>";
		};
/* End PBXVariantGroup section */

/* Begin XCBuildConfiguration section */
		60733C681EFCFFA200CF14C3 /* Debug */ = {
			isa = XCBuildConfiguration;
			buildSettings = {
				ALWAYS_SEARCH_USER_PATHS = NO;
				CLANG_ANALYZER_NONNULL = YES;
				CLANG_ANALYZER_NUMBER_OBJECT_CONVERSION = YES_AGGRESSIVE;
				CLANG_CXX_LANGUAGE_STANDARD = "gnu++0x";
				CLANG_CXX_LIBRARY = "libc++";
				CLANG_ENABLE_MODULES = YES;
				CLANG_ENABLE_OBJC_ARC = YES;
				CLANG_WARN_BOOL_CONVERSION = YES;
				CLANG_WARN_CONSTANT_CONVERSION = YES;
				CLANG_WARN_DIRECT_OBJC_ISA_USAGE = YES_ERROR;
				CLANG_WARN_DOCUMENTATION_COMMENTS = YES;
				CLANG_WARN_EMPTY_BODY = YES;
				CLANG_WARN_ENUM_CONVERSION = YES;
				CLANG_WARN_INFINITE_RECURSION = YES;
				CLANG_WARN_INT_CONVERSION = YES;
				CLANG_WARN_OBJC_ROOT_CLASS = YES_ERROR;
				CLANG_WARN_SUSPICIOUS_MOVE = YES;
				CLANG_WARN_UNREACHABLE_CODE = YES;
				CLANG_WARN__DUPLICATE_METHOD_MATCH = YES;
				"CODE_SIGN_IDENTITY[sdk=iphoneos*]" = "iPhone Developer";
				COPY_PHASE_STRIP = NO;
				DEBUG_INFORMATION_FORMAT = dwarf;
				ENABLE_STRICT_OBJC_MSGSEND = YES;
				ENABLE_TESTABILITY = YES;
				GCC_C_LANGUAGE_STANDARD = gnu99;
				GCC_DYNAMIC_NO_PIC = NO;
				GCC_NO_COMMON_BLOCKS = YES;
				GCC_OPTIMIZATION_LEVEL = 0;
				GCC_PREPROCESSOR_DEFINITIONS = (
					"DEBUG=1",
					"$(inherited)",
				);
				GCC_WARN_64_TO_32_BIT_CONVERSION = YES;
				GCC_WARN_ABOUT_RETURN_TYPE = YES_ERROR;
				GCC_WARN_UNDECLARED_SELECTOR = YES;
				GCC_WARN_UNINITIALIZED_AUTOS = YES_AGGRESSIVE;
				GCC_WARN_UNUSED_FUNCTION = YES;
				GCC_WARN_UNUSED_VARIABLE = YES;
				IPHONEOS_DEPLOYMENT_TARGET = 10.3;
				MTL_ENABLE_DEBUG_INFO = YES;
				ONLY_ACTIVE_ARCH = YES;
				SDKROOT = iphoneos;
			};
			name = Debug;
		};
		60733C691EFCFFA200CF14C3 /* Release */ = {
			isa = XCBuildConfiguration;
			buildSettings = {
				ALWAYS_SEARCH_USER_PATHS = NO;
				CLANG_ANALYZER_NONNULL = YES;
				CLANG_ANALYZER_NUMBER_OBJECT_CONVERSION = YES_AGGRESSIVE;
				CLANG_CXX_LANGUAGE_STANDARD = "gnu++0x";
				CLANG_CXX_LIBRARY = "libc++";
				CLANG_ENABLE_MODULES = YES;
				CLANG_ENABLE_OBJC_ARC = YES;
				CLANG_WARN_BOOL_CONVERSION = YES;
				CLANG_WARN_CONSTANT_CONVERSION = YES;
				CLANG_WARN_DIRECT_OBJC_ISA_USAGE = YES_ERROR;
				CLANG_WARN_DOCUMENTATION_COMMENTS = YES;
				CLANG_WARN_EMPTY_BODY = YES;
				CLANG_WARN_ENUM_CONVERSION = YES;
				CLANG_WARN_INFINITE_RECURSION = YES;
				CLANG_WARN_INT_CONVERSION = YES;
				CLANG_WARN_OBJC_ROOT_CLASS = YES_ERROR;
				CLANG_WARN_SUSPICIOUS_MOVE = YES;
				CLANG_WARN_UNREACHABLE_CODE = YES;
				CLANG_WARN__DUPLICATE_METHOD_MATCH = YES;
				"CODE_SIGN_IDENTITY[sdk=iphoneos*]" = "iPhone Developer";
				COPY_PHASE_STRIP = NO;
				DEBUG_INFORMATION_FORMAT = "dwarf-with-dsym";
				ENABLE_NS_ASSERTIONS = NO;
				ENABLE_STRICT_OBJC_MSGSEND = YES;
				GCC_C_LANGUAGE_STANDARD = gnu99;
				GCC_NO_COMMON_BLOCKS = YES;
				GCC_WARN_64_TO_32_BIT_CONVERSION = YES;
				GCC_WARN_ABOUT_RETURN_TYPE = YES_ERROR;
				GCC_WARN_UNDECLARED_SELECTOR = YES;
				GCC_WARN_UNINITIALIZED_AUTOS = YES_AGGRESSIVE;
				GCC_WARN_UNUSED_FUNCTION = YES;
				GCC_WARN_UNUSED_VARIABLE = YES;
				IPHONEOS_DEPLOYMENT_TARGET = 10.3;
				MTL_ENABLE_DEBUG_INFO = NO;
				SDKROOT = iphoneos;
				VALIDATE_PRODUCT = YES;
			};
			name = Release;
		};
		60733C6B1EFCFFA200CF14C3 /* Debug */ = {
			isa = XCBuildConfiguration;
			buildSettings = {
				ASSETCATALOG_COMPILER_APPICON_NAME = AppIcon;
				INFOPLIST_FILE = kuangjia/Info.plist;
				LD_RUNPATH_SEARCH_PATHS = "$(inherited) @executable_path/Frameworks";
				PRODUCT_BUNDLE_IDENTIFIER = hhh.kuangjia;
				PRODUCT_NAME = "$(TARGET_NAME)";
			};
			name = Debug;
		};
		60733C6C1EFCFFA200CF14C3 /* Release */ = {
			isa = XCBuildConfiguration;
			buildSettings = {
				ASSETCATALOG_COMPILER_APPICON_NAME = AppIcon;
				INFOPLIST_FILE = kuangjia/Info.plist;
				LD_RUNPATH_SEARCH_PATHS = "$(inherited) @executable_path/Frameworks";
				PRODUCT_BUNDLE_IDENTIFIER = hhh.kuangjia;
				PRODUCT_NAME = "$(TARGET_NAME)";
			};
			name = Release;
		};
/* End XCBuildConfiguration section */

/* Begin XCConfigurationList section */
		60733C4E1EFCFFA200CF14C3 /* Build configuration list for PBXProject "kuangjia" */ = {
			isa = XCConfigurationList;
			buildConfigurations = (
				60733C681EFCFFA200CF14C3 /* Debug */,
				60733C691EFCFFA200CF14C3 /* Release */,
			);
			defaultConfigurationIsVisible = 0;
			defaultConfigurationName = Release;
		};
		60733C6A1EFCFFA200CF14C3 /* Build configuration list for PBXNativeTarget "kuangjia" */ = {
			isa = XCConfigurationList;
			buildConfigurations = (
				60733C6B1EFCFFA200CF14C3 /* Debug */,
				60733C6C1EFCFFA200CF14C3 /* Release */,
			);
			defaultConfigurationIsVisible = 0;
		};
/* End XCConfigurationList section */
	};
	rootObject = 60733C4B1EFCFFA200CF14C3 /* Project object */;
}
